
Microsoft Visual Studio Solution File, Format Version 12.00
# Visual Studio Version 17
VisualStudioVersion = 17.2.32630.192
MinimumVisualStudioVersion = 10.0.40219.1
Project("{FAE04EC0-301F-11D3-BF4B-00C04F79EFBC}") = "Folder Media Player", "Folder Media Player\Folder Media Player.csproj", "{EBEB4F7F-15B0-4D1B-B7BA-13E455C583A6}"
EndProject
Global
	GlobalSection(SolutionConfigurationPlatforms) = preSolution
		Debug|Any CPU = Debug|Any CPU
		Release|Any CPU = Release|Any CPU
	EndGlobalSection
	GlobalSection(ProjectConfigurationPlatforms) = postSolution
		{EBEB4F7F-15B0-4D1B-B7BA-13E455C583A6}.Debug|Any CPU.ActiveCfg = Debug|Any CPU
		{EBEB4F7F-15B0-4D1B-B7BA-13E455C583A6}.Debug|Any CPU.Build.0 = Debug|Any CPU
		{EBEB4F7F-15B0-4D1B-B7BA-13E455C583A6}.Release|Any CPU.ActiveCfg = Release|Any CPU
		{EBEB4F7F-15B0-4D1B-B7BA-13E455C583A6}.Release|Any CPU.Build.0 = Release|Any CPU
	EndGlobalSection
	GlobalSection(SolutionProperties) = preSolution
		HideSolutionNode = FALSE
	EndGlobalSection
	GlobalSection(ExtensibilityGlobals) = postSolution
		SolutionGuid = {239C6E00-F586-413D-8DB5-8140CB2EAD0E}
	EndGlobalSection
EndGlobal
